
Microsoft Visual Studio Solution File, Format Version 12.00
# Visual Studio 15
VisualStudioVersion = 15.0.28010.2019
MinimumVisualStudioVersion = 10.0.40219.1
Project("{FAE04EC0-301F-11D3-BF4B-00C04F79EFBC}") = "Lab1", "Lab1\Lab1.csproj", "{69CFA5C7-DF82-4674-A747-F5C99309D1B3}"
EndProject
Project("{FAE04EC0-301F-11D3-BF4B-00C04F79EFBC}") = "Lab1.Tests", "Lab1.Tests\Lab1.Tests.csproj", "{CECC684D-033F-4713-AA3F-0A2A20ABEF39}"
EndProject
Global
	GlobalSection(SolutionConfigurationPlatforms) = preSolution
		Debug|Any CPU = Debug|Any CPU
		Release|Any CPU = Release|Any CPU
	EndGlobalSection
	GlobalSection(ProjectConfigurationPlatforms) = postSolution
		{69CFA5C7-DF82-4674-A747-F5C99309D1B3}.Debug|Any CPU.ActiveCfg = Debug|Any CPU
		{69CFA5C7-DF82-4674-A747-F5C99309D1B3}.Debug|Any CPU.Build.0 = Debug|Any CPU
		{69CFA5C7-DF82-4674-A747-F5C99309D1B3}.Release|Any CPU.ActiveCfg = Release|Any CPU
		{69CFA5C7-DF82-4674-A747-F5C99309D1B3}.Release|Any CPU.Build.0 = Release|Any CPU
		{CECC684D-033F-4713-AA3F-0A2A20ABEF39}.Debug|Any CPU.ActiveCfg = Debug|Any CPU
		{CECC684D-033F-4713-AA3F-0A2A20ABEF39}.Debug|Any CPU.Build.0 = Debug|Any CPU
		{CECC684D-033F-4713-AA3F-0A2A20ABEF39}.Release|Any CPU.ActiveCfg = Release|Any CPU
		{CECC684D-033F-4713-AA3F-0A2A20ABEF39}.Release|Any CPU.Build.0 = Release|Any CPU
	EndGlobalSection
	GlobalSection(SolutionProperties) = preSolution
		HideSolutionNode = FALSE
	EndGlobalSection
	GlobalSection(ExtensibilityGlobals) = postSolution
		SolutionGuid = {2BBCB6F1-0362-4D86-B44E-AD66060139EF}
	EndGlobalSection
EndGlobal
